PODS:
  - AppearanceKit (2.18):
    - ContentKit
    - RepresentationKit
  - ContentKit (2.3):
    - RepresentationKit
  - RepresentationKit (2.3.1)

DEPENDENCIES:
  - AppearanceKit (from `../`)
  - ContentKit (from `https://github.com/averello/ContentKit.git`)
  - RepresentationKit (from `https://github.com/averello/RepresentationKit.git`)

EXTERNAL SOURCES:
  AppearanceKit:
    :path: "../"
  ContentKit:
    :git: https://github.com/averello/ContentKit.git
  RepresentationKit:
    :git: https://github.com/averello/RepresentationKit.git

CHECKOUT OPTIONS:
  ContentKit:
    :commit: def45349a03d039d51db5a71c3ca768bf6ec1d25
    :git: https://github.com/averello/ContentKit.git
  RepresentationKit:
    :commit: baaf595efcf402d212d0f121d661ec4559614b50
    :git: https://github.com/averello/RepresentationKit.git

SPEC CHECKSUMS:
  AppearanceKit: 250e4bf51203fecee709b91db7b31ea98bb2491b
  ContentKit: 46f66173851d13e8242dc84337a9fd7ec62ed54d
  RepresentationKit: 14798022f1519aefdfa56a2367e116e12133088d

PODFILE CHECKSUM: 5f0af37e4fd8a2dad8b1e492fe96f4b33e7423d8

COCOAPODS: 1.5.3
