PODS:
  - AppearanceKit (2.16):
    - ContentKit
    - RepresentationKit
  - ContentKit (2.3):
    - RepresentationKit
  - RepresentationKit (2.2)

DEPENDENCIES:
  - AppearanceKit (from `../`)
  - ContentKit (from `https://github.com/averello/ContentKit.git`)
  - RepresentationKit (from `https://github.com/averello/RepresentationKit.git`)

EXTERNAL SOURCES:
  AppearanceKit:
    :path: "../"
  ContentKit:
    :git: https://github.com/averello/ContentKit.git
  RepresentationKit:
    :git: https://github.com/averello/RepresentationKit.git

CHECKOUT OPTIONS:
  ContentKit:
    :commit: def45349a03d039d51db5a71c3ca768bf6ec1d25
    :git: https://github.com/averello/ContentKit.git
  RepresentationKit:
    :commit: 87c8045f94bbb9aaba43de8273ddee966229190a
    :git: https://github.com/averello/RepresentationKit.git

SPEC CHECKSUMS:
  AppearanceKit: c625da64ae7fa47707e9caf602ffe323686899ad
  ContentKit: 46f66173851d13e8242dc84337a9fd7ec62ed54d
  RepresentationKit: f1cbe81fe33fe738a2a3d8a1f752359cbb57172c

PODFILE CHECKSUM: 5f0af37e4fd8a2dad8b1e492fe96f4b33e7423d8

COCOAPODS: 1.5.3
