PODS:
  - AppearanceKit (2.18):
    - ContentKit
    - RepresentationKit
  - ContentKit (2.4):
    - RepresentationKit
  - RepresentationKit (2.3.1)

DEPENDENCIES:
  - AppearanceKit (from `../`)
  - ContentKit (from `https://github.com/averello/ContentKit.git`)
  - RepresentationKit (from `https://github.com/averello/RepresentationKit.git`)

EXTERNAL SOURCES:
  AppearanceKit:
    :path: "../"
  ContentKit:
    :git: https://github.com/averello/ContentKit.git
  RepresentationKit:
    :git: https://github.com/averello/RepresentationKit.git

CHECKOUT OPTIONS:
  ContentKit:
    :commit: 9ca870c17b67472aff68a1958920cc1a5042e7a7
    :git: https://github.com/averello/ContentKit.git
  RepresentationKit:
    :commit: baaf595efcf402d212d0f121d661ec4559614b50
    :git: https://github.com/averello/RepresentationKit.git

SPEC CHECKSUMS:
  AppearanceKit: 250e4bf51203fecee709b91db7b31ea98bb2491b
  ContentKit: bed41e69c3762d4d6ff271a9d8a06963d6b4fb96
  RepresentationKit: 14798022f1519aefdfa56a2367e116e12133088d

PODFILE CHECKSUM: 5f0af37e4fd8a2dad8b1e492fe96f4b33e7423d8

COCOAPODS: 1.5.3
